
Microsoft Visual Studio Solution File, Format Version 12.00
# Visual Studio 15
VisualStudioVersion = 15.0.28010.2041
MinimumVisualStudioVersion = 10.0.40219.1
Project("{888888A0-9F3D-457C-B088-3A5042F75D52}") = "g", "g.pyproj", "{45D40E9F-8160-46B9-8C1F-D96ACDD86248}"
EndProject
Global
	GlobalSection(SolutionConfigurationPlatforms) = preSolution
		Debug|Any CPU = Debug|Any CPU
		Release|Any CPU = Release|Any CPU
	EndGlobalSection
	GlobalSection(ProjectConfigurationPlatforms) = postSolution
		{45D40E9F-8160-46B9-8C1F-D96ACDD86248}.Debug|Any CPU.ActiveCfg = Debug|Any CPU
		{45D40E9F-8160-46B9-8C1F-D96ACDD86248}.Release|Any CPU.ActiveCfg = Release|Any CPU
	EndGlobalSection
	GlobalSection(SolutionProperties) = preSolution
		HideSolutionNode = FALSE
	EndGlobalSection
	GlobalSection(ExtensibilityGlobals) = postSolution
		SolutionGuid = {1EAB99DF-A13F-492F-953C-A11D9AD3663D}
	EndGlobalSection
EndGlobal
